
Microsoft Visual Studio Solution File, Format Version 12.00
# Visual Studio Version 16
VisualStudioVersion = 16.0.29215.179
MinimumVisualStudioVersion = 10.0.40219.1
Project("{FAE04EC0-301F-11D3-BF4B-00C04F79EFBC}") = "ToDoApp.Presentation.Web", "ToDoApp.Presentation.Web\ToDoApp.Presentation.Web.csproj", "{051DC40F-2F91-434A-A585-375BDDB016E1}"
EndProject
Project("{9A19103F-16F7-4668-BE54-9A1E7A4F7556}") = "ToDoApp.Data", "ToDoApp.Data\ToDoApp.Data.csproj", "{E8E445E2-3154-423A-BBEB-AA4A92FEF322}"
EndProject
Project("{9A19103F-16F7-4668-BE54-9A1E7A4F7556}") = "ToDoApp.Business", "ToDoApp.Business\ToDoApp.Business.csproj", "{A61E9390-3C94-4773-8230-D07D34B79A49}"
EndProject
Project("{9A19103F-16F7-4668-BE54-9A1E7A4F7556}") = "ToDoApp.Infrastructure", "ToDoApp.Infrastructure\ToDoApp.Infrastructure.csproj", "{A171E3E3-6B0C-4C3F-96DF-ABD91BCD9CF1}"
EndProject
Project("{9A19103F-16F7-4668-BE54-9A1E7A4F7556}") = "ToDoApp.Test", "ToDoApp.Tests\ToDoApp.Test.csproj", "{52C91DFD-4D2E-4BB4-BE4D-1F9E52EC7C06}"
EndProject
Global
	GlobalSection(SolutionConfigurationPlatforms) = preSolution
		Debug|Any CPU = Debug|Any CPU
		Release|Any CPU = Release|Any CPU
	EndGlobalSection
	GlobalSection(ProjectConfigurationPlatforms) = postSolution
		{051DC40F-2F91-434A-A585-375BDDB016E1}.Debug|Any CPU.ActiveCfg = Debug|Any CPU
		{051DC40F-2F91-434A-A585-375BDDB016E1}.Debug|Any CPU.Build.0 = Debug|Any CPU
		{051DC40F-2F91-434A-A585-375BDDB016E1}.Release|Any CPU.ActiveCfg = Release|Any CPU
		{051DC40F-2F91-434A-A585-375BDDB016E1}.Release|Any CPU.Build.0 = Release|Any CPU
		{E8E445E2-3154-423A-BBEB-AA4A92FEF322}.Debug|Any CPU.ActiveCfg = Debug|Any CPU
		{E8E445E2-3154-423A-BBEB-AA4A92FEF322}.Debug|Any CPU.Build.0 = Debug|Any CPU
		{E8E445E2-3154-423A-BBEB-AA4A92FEF322}.Release|Any CPU.ActiveCfg = Release|Any CPU
		{E8E445E2-3154-423A-BBEB-AA4A92FEF322}.Release|Any CPU.Build.0 = Release|Any CPU
		{A61E9390-3C94-4773-8230-D07D34B79A49}.Debug|Any CPU.ActiveCfg = Debug|Any CPU
		{A61E9390-3C94-4773-8230-D07D34B79A49}.Debug|Any CPU.Build.0 = Debug|Any CPU
		{A61E9390-3C94-4773-8230-D07D34B79A49}.Release|Any CPU.ActiveCfg = Release|Any CPU
		{A61E9390-3C94-4773-8230-D07D34B79A49}.Release|Any CPU.Build.0 = Release|Any CPU
		{A171E3E3-6B0C-4C3F-96DF-ABD91BCD9CF1}.Debug|Any CPU.ActiveCfg = Debug|Any CPU
		{A171E3E3-6B0C-4C3F-96DF-ABD91BCD9CF1}.Debug|Any CPU.Build.0 = Debug|Any CPU
		{A171E3E3-6B0C-4C3F-96DF-ABD91BCD9CF1}.Release|Any CPU.ActiveCfg = Release|Any CPU
		{A171E3E3-6B0C-4C3F-96DF-ABD91BCD9CF1}.Release|Any CPU.Build.0 = Release|Any CPU
		{52C91DFD-4D2E-4BB4-BE4D-1F9E52EC7C06}.Debug|Any CPU.ActiveCfg = Debug|Any CPU
		{52C91DFD-4D2E-4BB4-BE4D-1F9E52EC7C06}.Debug|Any CPU.Build.0 = Debug|Any CPU
		{52C91DFD-4D2E-4BB4-BE4D-1F9E52EC7C06}.Release|Any CPU.ActiveCfg = Release|Any CPU
		{52C91DFD-4D2E-4BB4-BE4D-1F9E52EC7C06}.Release|Any CPU.Build.0 = Release|Any CPU
	EndGlobalSection
	GlobalSection(SolutionProperties) = preSolution
		HideSolutionNode = FALSE
	EndGlobalSection
	GlobalSection(ExtensibilityGlobals) = postSolution
		SolutionGuid = {EF1CE415-CC2C-40D5-8C9E-B078BA15A1E4}
	EndGlobalSection
EndGlobal
